{
  "name": "ts2lua",
  "version": "1.0.0",
  "lockfileVersion": 1,
  "requires": true,
  "dependencies": {
    "@types/node": {
      "version": "12.6.8",
      "resolved": "https://registry.npm.taobao.org/@types/node/download/@types/node-12.6.8.tgz?cache=0&sync_timestamp=1563391049881&other_urls=https%3A%2F%2Fregistry.npm.taobao.org%2F%40types%2Fnode%2Fdownload%2F%40types%2Fnode-12.6.8.tgz",
      "integrity": "sha1-5Gm0v50cmDKu5JB7qKBRSUNXwSw=",
      "dev": true
    },
    "@types/string-format": {
      "version": "2.0.0",
      "resolved": "https://registry.npm.taobao.org/@types/string-format/download/@types/string-format-2.0.0.tgz",
      "integrity": "sha1-wViPUHvnuO9etQdKQeSORTjz9tU="
    },
    "@types/typescript": {
      "version": "2.0.0",
      "resolved": "https://registry.npm.taobao.org/@types/typescript/download/@types/typescript-2.0.0.tgz",
      "integrity": "sha1-xDNTnJi64oaCswfqp6D9IRW4PCg=",
      "dev": true,
      "requires": {
        "typescript": "*"
      }
    },
    "@typescript-eslint/typescript-estree": {
      "version": "1.13.0",
      "resolved": "https://registry.npm.taobao.org/@typescript-eslint/typescript-estree/download/@typescript-eslint/typescript-estree-1.13.0.tgz",
      "integrity": "sha1-gUDxfQ9gwDYZeY8dYouENJE9wy4=",
      "requires": {
        "lodash.unescape": "4.0.1",
        "semver": "5.5.0"
      }
    },
    "lodash.unescape": {
      "version": "4.0.1",
      "resolved": "https://registry.npm.taobao.org/lodash.unescape/download/lodash.unescape-4.0.1.tgz",
      "integrity": "sha1-vyJJiGzlFM2hEvrpIYzcBlIR/Jw="
    },
    "semver": {
      "version": "5.5.0",
      "resolved": "https://registry.npm.taobao.org/semver/download/semver-5.5.0.tgz",
      "integrity": "sha1-3Eu8emyp2Rbe5dQ1FvAJK1j3uKs="
    },
    "string-format": {
      "version": "2.0.0",
      "resolved": "https://registry.npm.taobao.org/string-format/download/string-format-2.0.0.tgz",
      "integrity": "sha1-8t8ucJdEDTtl3jG21A1UyW6v+5s="
    },
    "typescript": {
      "version": "3.5.3",
      "resolved": "https://registry.npm.taobao.org/typescript/download/typescript-3.5.3.tgz",
      "integrity": "sha1-yDD2V/k/HqhGgZ6SkJL1/lmD6Xc="
    }
  }
}
